
Microsoft Visual Studio Solution File, Format Version 12.00
# Visual Studio Version 16
VisualStudioVersion = 16.0.31005.135
MinimumVisualStudioVersion = 10.0.40219.1
Project("{FAE04EC0-301F-11D3-BF4B-00C04F79EFBC}") = "PersonalProfile", "PersonalProfile\PersonalProfile.csproj", "{315EEBA4-8B11-400C-B4E0-D620F6BC37AD}"
EndProject
Project("{2150E333-8FDC-42A3-9474-1A3956D46DE8}") = "CS-1", "CS-1", "{3F9121F0-0710-4EFE-94F5-C9FC31F9E97D}"
EndProject
Global
	GlobalSection(SolutionConfigurationPlatforms) = preSolution
		Debug|Any CPU = Debug|Any CPU
		Release|Any CPU = Release|Any CPU
	EndGlobalSection
	GlobalSection(ProjectConfigurationPlatforms) = postSolution
		{315EEBA4-8B11-400C-B4E0-D620F6BC37AD}.Debug|Any CPU.ActiveCfg = Debug|Any CPU
		{315EEBA4-8B11-400C-B4E0-D620F6BC37AD}.Debug|Any CPU.Build.0 = Debug|Any CPU
		{315EEBA4-8B11-400C-B4E0-D620F6BC37AD}.Release|Any CPU.ActiveCfg = Release|Any CPU
		{315EEBA4-8B11-400C-B4E0-D620F6BC37AD}.Release|Any CPU.Build.0 = Release|Any CPU
	EndGlobalSection
	GlobalSection(SolutionProperties) = preSolution
		HideSolutionNode = FALSE
	EndGlobalSection
	GlobalSection(NestedProjects) = preSolution
		{315EEBA4-8B11-400C-B4E0-D620F6BC37AD} = {3F9121F0-0710-4EFE-94F5-C9FC31F9E97D}
	EndGlobalSection
	GlobalSection(ExtensibilityGlobals) = postSolution
		SolutionGuid = {CFE48C9C-4DE9-499C-B80C-D2EC674EFC07}
	EndGlobalSection
EndGlobal
